
Microsoft Visual Studio Solution File, Format Version 12.00
# Visual Studio 2012
Project("{FAE04EC0-301F-11D3-BF4B-00C04F79EFBC}") = "TrainingApp", "TrainingApp\TrainingApp.csproj", "{F769BD3C-2F42-494E-A473-142F9A57778A}"
EndProject
Project("{FAE04EC0-301F-11D3-BF4B-00C04F79EFBC}") = "TrainingApp.Data", "TrainingApp.Data\TrainingApp.Data.csproj", "{1AFA5D42-F26F-4F96-9C63-219366633827}"
EndProject
Project("{FAE04EC0-301F-11D3-BF4B-00C04F79EFBC}") = "TrainingApp.Model", "TrainingApp.Model\TrainingApp.Model.csproj", "{0DE50903-AE83-4014-84A1-176C702F5675}"
EndProject
Project("{FAE04EC0-301F-11D3-BF4B-00C04F79EFBC}") = "TrainingApp.Tests", "TrainingApp.Tests\TrainingApp.Tests.csproj", "{35F43426-7CDA-4AA0-BE96-29EB664CE9C1}"
EndProject
Project("{FAE04EC0-301F-11D3-BF4B-00C04F79EFBC}") = "TrainingApp.Persistance.Sql", "TrainingApp.Persistance.Sql\TrainingApp.Persistance.Sql.csproj", "{C2CF5480-54A6-48BE-8F57-6DAF50729F17}"
EndProject
Global
	GlobalSection(SolutionConfigurationPlatforms) = preSolution
		Debug|Any CPU = Debug|Any CPU
		Release|Any CPU = Release|Any CPU
	EndGlobalSection
	GlobalSection(ProjectConfigurationPlatforms) = postSolution
		{F769BD3C-2F42-494E-A473-142F9A57778A}.Debug|Any CPU.ActiveCfg = Debug|Any CPU
		{F769BD3C-2F42-494E-A473-142F9A57778A}.Debug|Any CPU.Build.0 = Debug|Any CPU
		{F769BD3C-2F42-494E-A473-142F9A57778A}.Release|Any CPU.ActiveCfg = Release|Any CPU
		{F769BD3C-2F42-494E-A473-142F9A57778A}.Release|Any CPU.Build.0 = Release|Any CPU
		{1AFA5D42-F26F-4F96-9C63-219366633827}.Debug|Any CPU.ActiveCfg = Debug|Any CPU
		{1AFA5D42-F26F-4F96-9C63-219366633827}.Debug|Any CPU.Build.0 = Debug|Any CPU
		{1AFA5D42-F26F-4F96-9C63-219366633827}.Release|Any CPU.ActiveCfg = Release|Any CPU
		{1AFA5D42-F26F-4F96-9C63-219366633827}.Release|Any CPU.Build.0 = Release|Any CPU
		{0DE50903-AE83-4014-84A1-176C702F5675}.Debug|Any CPU.ActiveCfg = Debug|Any CPU
		{0DE50903-AE83-4014-84A1-176C702F5675}.Debug|Any CPU.Build.0 = Debug|Any CPU
		{0DE50903-AE83-4014-84A1-176C702F5675}.Release|Any CPU.ActiveCfg = Release|Any CPU
		{0DE50903-AE83-4014-84A1-176C702F5675}.Release|Any CPU.Build.0 = Release|Any CPU
		{35F43426-7CDA-4AA0-BE96-29EB664CE9C1}.Debug|Any CPU.ActiveCfg = Debug|Any CPU
		{35F43426-7CDA-4AA0-BE96-29EB664CE9C1}.Debug|Any CPU.Build.0 = Debug|Any CPU
		{35F43426-7CDA-4AA0-BE96-29EB664CE9C1}.Release|Any CPU.ActiveCfg = Release|Any CPU
		{35F43426-7CDA-4AA0-BE96-29EB664CE9C1}.Release|Any CPU.Build.0 = Release|Any CPU
		{C2CF5480-54A6-48BE-8F57-6DAF50729F17}.Debug|Any CPU.ActiveCfg = Debug|Any CPU
		{C2CF5480-54A6-48BE-8F57-6DAF50729F17}.Debug|Any CPU.Build.0 = Debug|Any CPU
		{C2CF5480-54A6-48BE-8F57-6DAF50729F17}.Release|Any CPU.ActiveCfg = Release|Any CPU
		{C2CF5480-54A6-48BE-8F57-6DAF50729F17}.Release|Any CPU.Build.0 = Release|Any CPU
	EndGlobalSection
	GlobalSection(SolutionProperties) = preSolution
		HideSolutionNode = FALSE
	EndGlobalSection
EndGlobal
